
Microsoft Visual Studio Solution File, Format Version 12.00
# Visual Studio Version 17
VisualStudioVersion = 17.2.32516.85
MinimumVisualStudioVersion = 10.0.40219.1
Project("{FAE04EC0-301F-11D3-BF4B-00C04F79EFBC}") = "IMSS", "IMSS\IMSS.csproj", "{3B7F4BB0-5C8D-4F73-A9DE-3BDFB32648A7}"
EndProject
Global
	GlobalSection(SolutionConfigurationPlatforms) = preSolution
		Debug|Any CPU = Debug|Any CPU
		Release|Any CPU = Release|Any CPU
	EndGlobalSection
	GlobalSection(ProjectConfigurationPlatforms) = postSolution
		{3B7F4BB0-5C8D-4F73-A9DE-3BDFB32648A7}.Debug|Any CPU.ActiveCfg = Debug|Any CPU
		{3B7F4BB0-5C8D-4F73-A9DE-3BDFB32648A7}.Debug|Any CPU.Build.0 = Debug|Any CPU
		{3B7F4BB0-5C8D-4F73-A9DE-3BDFB32648A7}.Release|Any CPU.ActiveCfg = Release|Any CPU
		{3B7F4BB0-5C8D-4F73-A9DE-3BDFB32648A7}.Release|Any CPU.Build.0 = Release|Any CPU
	EndGlobalSection
	GlobalSection(SolutionProperties) = preSolution
		HideSolutionNode = FALSE
	EndGlobalSection
	GlobalSection(ExtensibilityGlobals) = postSolution
		SolutionGuid = {FB3D85EE-7051-425F-96D4-7E300CE5F7C4}
	EndGlobalSection
EndGlobal
